
Microsoft Visual Studio Solution File, Format Version 12.00
# Visual Studio Version 16
VisualStudioVersion = 16.0.31829.152
MinimumVisualStudioVersion = 10.0.40219.1
Project("{FAE04EC0-301F-11D3-BF4B-00C04F79EFBC}") = "ArrayMethods", "ArrayMethods.csproj", "{64398824-9B4B-4E53-8019-C1B97FF684AA}"
EndProject
Global
	GlobalSection(SolutionConfigurationPlatforms) = preSolution
		Debug|Any CPU = Debug|Any CPU
		Release|Any CPU = Release|Any CPU
	EndGlobalSection
	GlobalSection(ProjectConfigurationPlatforms) = postSolution
		{64398824-9B4B-4E53-8019-C1B97FF684AA}.Debug|Any CPU.ActiveCfg = Debug|Any CPU
		{64398824-9B4B-4E53-8019-C1B97FF684AA}.Debug|Any CPU.Build.0 = Debug|Any CPU
		{64398824-9B4B-4E53-8019-C1B97FF684AA}.Release|Any CPU.ActiveCfg = Release|Any CPU
		{64398824-9B4B-4E53-8019-C1B97FF684AA}.Release|Any CPU.Build.0 = Release|Any CPU
	EndGlobalSection
	GlobalSection(SolutionProperties) = preSolution
		HideSolutionNode = FALSE
	EndGlobalSection
	GlobalSection(ExtensibilityGlobals) = postSolution
		SolutionGuid = {DC23D8FE-C90C-4A0A-AE08-B77102014E52}
	EndGlobalSection
EndGlobal
